
Microsoft Visual Studio Solution File, Format Version 12.00
# Visual Studio 15
VisualStudioVersion = 15.0.28307.421
MinimumVisualStudioVersion = 10.0.40219.1
Project("{2150E333-8FDC-42A3-9474-1A3956D46DE8}") = "0_thirdparty", "0_thirdparty", "{FB090938-8D94-44DC-9B0B-57850200D387}"
EndProject
Project("{2150E333-8FDC-42A3-9474-1A3956D46DE8}") = "src", "src", "{5B4163C2-A08E-41D9-BCCF-D61EA89AA6CC}"
EndProject
Project("{2150E333-8FDC-42A3-9474-1A3956D46DE8}") = "imageio", "imageio", "{A9093814-DCCF-494B-930B-94A4E6FC5131}"
EndProject
Project("{2150E333-8FDC-42A3-9474-1A3956D46DE8}") = "exe", "exe", "{3D9CA86C-069B-49AC-838B-470D847ADCBC}"
EndProject
Project("{2150E333-8FDC-42A3-9474-1A3956D46DE8}") = "dec", "dec", "{F5C88A11-F5F8-4225-A0F9-3F65481A9F7E}"
EndProject
Project("{2150E333-8FDC-42A3-9474-1A3956D46DE8}") = "dsp", "dsp", "{05ADB141-ED50-4C8A-9E2D-5E100858595D}"
EndProject
Project("{2150E333-8FDC-42A3-9474-1A3956D46DE8}") = "enc", "enc", "{63865894-4E6C-409D-AC21-2827486E8FF5}"
EndProject
Project("{2150E333-8FDC-42A3-9474-1A3956D46DE8}") = "utils", "utils", "{91866A78-ABCA-468A-B1BA-AA12863FAF51}"
EndProject
Project("{2150E333-8FDC-42A3-9474-1A3956D46DE8}") = "demux", "demux", "{00B93825-A5EE-43E2-978E-CD8DF366EBE1}"
EndProject
Project("{2150E333-8FDC-42A3-9474-1A3956D46DE8}") = "mux", "mux", "{C640021B-7115-485F-AE47-6839C38EE547}"
EndProject
Project("{8BC9CEB8-8B4A-11D0-8D11-00A0C91BC942}") = "libwebpmux", "thirdparty\webp-1.2.2\src\mux\libwebpmux.vcxproj", "{513B47E9-158B-3162-B8F0-A9AD06E9D720}"
EndProject
Project("{2150E333-8FDC-42A3-9474-1A3956D46DE8}") = "examples", "examples", "{9657BF7F-1135-439E-9AE4-8236FA01B96C}"
EndProject
Project("{2150E333-8FDC-42A3-9474-1A3956D46DE8}") = "extras", "extras", "{0EC447D7-D6C5-4AA8-A80B-E7C085AE0415}"
EndProject
Project("{8BC9CEB8-8B4A-11D0-8D11-00A0C91BC942}") = "get_disto", "demo\extras\get_disto.vcxproj", "{05148F8F-FAE5-49CF-B6E9-2AEC9659E04E}"
EndProject
Project("{8BC9CEB8-8B4A-11D0-8D11-00A0C91BC942}") = "libwebpdecode", "thirdparty\webp-1.2.2\src\dec\libwebpdecode.vcxproj", "{247BF82F-4E5E-336C-A13D-9FEC9004DD48}"
EndProject
Project("{8BC9CEB8-8B4A-11D0-8D11-00A0C91BC942}") = "libwebpdemux", "thirdparty\webp-1.2.2\src\demux\libwebpdemux.vcxproj", "{6E115599-DC06-35FB-926E-3B9403F9A806}"
EndProject
Project("{8BC9CEB8-8B4A-11D0-8D11-00A0C91BC942}") = "libwebpdsp", "thirdparty\webp-1.2.2\src\dsp\libwebpdsp.vcxproj", "{BF6830ED-CA95-36EC-80C1-45541AB8F844}"
EndProject
Project("{8BC9CEB8-8B4A-11D0-8D11-00A0C91BC942}") = "libwebpdspdecode", "thirdparty\webp-1.2.2\src\dsp\libwebpdspdecode.vcxproj", "{98EBF6A5-E40C-37BB-9692-A3D006F2800A}"
EndProject
Project("{8BC9CEB8-8B4A-11D0-8D11-00A0C91BC942}") = "libwebpencode", "thirdparty\webp-1.2.2\src\enc\libwebpencode.vcxproj", "{71A625B8-5A30-3077-B08D-BAD904B07C71}"
EndProject
Project("{8BC9CEB8-8B4A-11D0-8D11-00A0C91BC942}") = "libwebputils", "thirdparty\webp-1.2.2\src\utils\libwebputils.vcxproj", "{3A93DC69-8854-3634-81B2-E284AABEC37A}"
EndProject
Project("{8BC9CEB8-8B4A-11D0-8D11-00A0C91BC942}") = "libwebputilsdecode", "thirdparty\webp-1.2.2\src\utils\libwebputilsdecode.vcxproj", "{E5C5D6D3-4998-3422-8BDB-EF621728F17E}"
EndProject
Project("{8BC9CEB8-8B4A-11D0-8D11-00A0C91BC942}") = "libwebp", "thirdparty\webp-1.2.2\libwebp.vcxproj", "{75271F33-C21A-371E-9E48-00E5890C51AF}"
EndProject
Project("{2150E333-8FDC-42A3-9474-1A3956D46DE8}") = "1_demo", "1_demo", "{77A1FE55-2A27-459A-A735-6B8579C446BB}"
EndProject
Project("{8BC9CEB8-8B4A-11D0-8D11-00A0C91BC942}") = "libwebpdecoder", "thirdparty\webp-1.2.2\src\libwebpdecoder.vcxproj", "{98621981-B60C-3D85-88D9-59C8534CD88E}"
EndProject
Project("{2150E333-8FDC-42A3-9474-1A3956D46DE8}") = "examples", "examples", "{5F076B88-C209-4FD8-BB8F-39C478F426EB}"
EndProject
Project("{8BC9CEB8-8B4A-11D0-8D11-00A0C91BC942}") = "libexampleutil", "thirdparty\webp-1.2.2\examples\libexampleutil.vcxproj", "{37530B62-5E4A-30EE-B1FE-C75917B5F21E}"
EndProject
Project("{8BC9CEB8-8B4A-11D0-8D11-00A0C91BC942}") = "cwebp", "demo\examples\cwebp\cwebp.vcxproj", "{CD0BD3E0-F682-382F-9675-4E3F7CFC9298}"
EndProject
Project("{8BC9CEB8-8B4A-11D0-8D11-00A0C91BC942}") = "dwebp", "demo\examples\dwebp\dwebp.vcxproj", "{DFA5375B-ACCB-3913-9D3A-854BE8DE9EC1}"
EndProject
Project("{8BC9CEB8-8B4A-11D0-8D11-00A0C91BC942}") = "img2webp", "demo\examples\img2webp\img2webp.vcxproj", "{C1AB2937-C480-369A-B9B0-040258921606}"
EndProject
Project("{8BC9CEB8-8B4A-11D0-8D11-00A0C91BC942}") = "webpinfo", "demo\examples\webpinfo\webpinfo.vcxproj", "{DBA0A58C-8DD0-3E72-A915-ED44D53D4790}"
EndProject
Project("{8BC9CEB8-8B4A-11D0-8D11-00A0C91BC942}") = "webpmux", "demo\examples\webpmux\webpmux.vcxproj", "{C9CBB8AA-E7E5-3EEA-843B-2C43043BE4FC}"
EndProject
Project("{8BC9CEB8-8B4A-11D0-8D11-00A0C91BC942}") = "libimagedec", "thirdparty\webp-1.2.2\imageio\libimagedec.vcxproj", "{45EE8D23-12B5-3CC6-B25D-1FE01D03D604}"
EndProject
Project("{8BC9CEB8-8B4A-11D0-8D11-00A0C91BC942}") = "libimageenc", "thirdparty\webp-1.2.2\imageio\libimageenc.vcxproj", "{4307B05D-83A0-39B6-9C92-3BD5E9E43CDB}"
EndProject
Project("{8BC9CEB8-8B4A-11D0-8D11-00A0C91BC942}") = "libimageioutil", "thirdparty\webp-1.2.2\imageio\libimageioutil.vcxproj", "{FFACE9E1-F546-37DF-B612-B6B0050AA523}"
EndProject
Global
	GlobalSection(SolutionConfigurationPlatforms) = preSolution
		Debug|x64 = Debug|x64
		Release|x64 = Release|x64
	EndGlobalSection
	GlobalSection(ProjectConfigurationPlatforms) = postSolution
		{513B47E9-158B-3162-B8F0-A9AD06E9D720}.Debug|x64.ActiveCfg = Debug|x64
		{513B47E9-158B-3162-B8F0-A9AD06E9D720}.Debug|x64.Build.0 = Debug|x64
		{513B47E9-158B-3162-B8F0-A9AD06E9D720}.Release|x64.ActiveCfg = Release|x64
		{513B47E9-158B-3162-B8F0-A9AD06E9D720}.Release|x64.Build.0 = Release|x64
		{05148F8F-FAE5-49CF-B6E9-2AEC9659E04E}.Debug|x64.ActiveCfg = Debug|x64
		{05148F8F-FAE5-49CF-B6E9-2AEC9659E04E}.Debug|x64.Build.0 = Debug|x64
		{05148F8F-FAE5-49CF-B6E9-2AEC9659E04E}.Release|x64.ActiveCfg = Release|x64
		{05148F8F-FAE5-49CF-B6E9-2AEC9659E04E}.Release|x64.Build.0 = Release|x64
		{247BF82F-4E5E-336C-A13D-9FEC9004DD48}.Debug|x64.ActiveCfg = Debug|x64
		{247BF82F-4E5E-336C-A13D-9FEC9004DD48}.Debug|x64.Build.0 = Debug|x64
		{247BF82F-4E5E-336C-A13D-9FEC9004DD48}.Release|x64.ActiveCfg = Release|x64
		{247BF82F-4E5E-336C-A13D-9FEC9004DD48}.Release|x64.Build.0 = Release|x64
		{6E115599-DC06-35FB-926E-3B9403F9A806}.Debug|x64.ActiveCfg = Debug|x64
		{6E115599-DC06-35FB-926E-3B9403F9A806}.Debug|x64.Build.0 = Debug|x64
		{6E115599-DC06-35FB-926E-3B9403F9A806}.Release|x64.ActiveCfg = Release|x64
		{6E115599-DC06-35FB-926E-3B9403F9A806}.Release|x64.Build.0 = Release|x64
		{BF6830ED-CA95-36EC-80C1-45541AB8F844}.Debug|x64.ActiveCfg = Debug|x64
		{BF6830ED-CA95-36EC-80C1-45541AB8F844}.Debug|x64.Build.0 = Debug|x64
		{BF6830ED-CA95-36EC-80C1-45541AB8F844}.Release|x64.ActiveCfg = Release|x64
		{BF6830ED-CA95-36EC-80C1-45541AB8F844}.Release|x64.Build.0 = Release|x64
		{98EBF6A5-E40C-37BB-9692-A3D006F2800A}.Debug|x64.ActiveCfg = Debug|x64
		{98EBF6A5-E40C-37BB-9692-A3D006F2800A}.Debug|x64.Build.0 = Debug|x64
		{98EBF6A5-E40C-37BB-9692-A3D006F2800A}.Release|x64.ActiveCfg = Release|x64
		{98EBF6A5-E40C-37BB-9692-A3D006F2800A}.Release|x64.Build.0 = Release|x64
		{71A625B8-5A30-3077-B08D-BAD904B07C71}.Debug|x64.ActiveCfg = Debug|x64
		{71A625B8-5A30-3077-B08D-BAD904B07C71}.Debug|x64.Build.0 = Debug|x64
		{71A625B8-5A30-3077-B08D-BAD904B07C71}.Release|x64.ActiveCfg = Release|x64
		{71A625B8-5A30-3077-B08D-BAD904B07C71}.Release|x64.Build.0 = Release|x64
		{3A93DC69-8854-3634-81B2-E284AABEC37A}.Debug|x64.ActiveCfg = Debug|x64
		{3A93DC69-8854-3634-81B2-E284AABEC37A}.Debug|x64.Build.0 = Debug|x64
		{3A93DC69-8854-3634-81B2-E284AABEC37A}.Release|x64.ActiveCfg = Release|x64
		{3A93DC69-8854-3634-81B2-E284AABEC37A}.Release|x64.Build.0 = Release|x64
		{E5C5D6D3-4998-3422-8BDB-EF621728F17E}.Debug|x64.ActiveCfg = Debug|x64
		{E5C5D6D3-4998-3422-8BDB-EF621728F17E}.Debug|x64.Build.0 = Debug|x64
		{E5C5D6D3-4998-3422-8BDB-EF621728F17E}.Release|x64.ActiveCfg = Release|x64
		{E5C5D6D3-4998-3422-8BDB-EF621728F17E}.Release|x64.Build.0 = Release|x64
		{75271F33-C21A-371E-9E48-00E5890C51AF}.Debug|x64.ActiveCfg = Debug|x64
		{75271F33-C21A-371E-9E48-00E5890C51AF}.Debug|x64.Build.0 = Debug|x64
		{75271F33-C21A-371E-9E48-00E5890C51AF}.Release|x64.ActiveCfg = Release|x64
		{75271F33-C21A-371E-9E48-00E5890C51AF}.Release|x64.Build.0 = Release|x64
		{98621981-B60C-3D85-88D9-59C8534CD88E}.Debug|x64.ActiveCfg = Debug|x64
		{98621981-B60C-3D85-88D9-59C8534CD88E}.Debug|x64.Build.0 = Debug|x64
		{98621981-B60C-3D85-88D9-59C8534CD88E}.Release|x64.ActiveCfg = Release|x64
		{98621981-B60C-3D85-88D9-59C8534CD88E}.Release|x64.Build.0 = Release|x64
		{37530B62-5E4A-30EE-B1FE-C75917B5F21E}.Debug|x64.ActiveCfg = Debug|x64
		{37530B62-5E4A-30EE-B1FE-C75917B5F21E}.Debug|x64.Build.0 = Debug|x64
		{37530B62-5E4A-30EE-B1FE-C75917B5F21E}.Release|x64.ActiveCfg = Release|x64
		{37530B62-5E4A-30EE-B1FE-C75917B5F21E}.Release|x64.Build.0 = Release|x64
		{CD0BD3E0-F682-382F-9675-4E3F7CFC9298}.Debug|x64.ActiveCfg = Debug|x64
		{CD0BD3E0-F682-382F-9675-4E3F7CFC9298}.Debug|x64.Build.0 = Debug|x64
		{CD0BD3E0-F682-382F-9675-4E3F7CFC9298}.Release|x64.ActiveCfg = Release|x64
		{CD0BD3E0-F682-382F-9675-4E3F7CFC9298}.Release|x64.Build.0 = Release|x64
		{DFA5375B-ACCB-3913-9D3A-854BE8DE9EC1}.Debug|x64.ActiveCfg = Debug|x64
		{DFA5375B-ACCB-3913-9D3A-854BE8DE9EC1}.Debug|x64.Build.0 = Debug|x64
		{DFA5375B-ACCB-3913-9D3A-854BE8DE9EC1}.Release|x64.ActiveCfg = Release|x64
		{DFA5375B-ACCB-3913-9D3A-854BE8DE9EC1}.Release|x64.Build.0 = Release|x64
		{C1AB2937-C480-369A-B9B0-040258921606}.Debug|x64.ActiveCfg = Debug|x64
		{C1AB2937-C480-369A-B9B0-040258921606}.Debug|x64.Build.0 = Debug|x64
		{C1AB2937-C480-369A-B9B0-040258921606}.Release|x64.ActiveCfg = Release|x64
		{C1AB2937-C480-369A-B9B0-040258921606}.Release|x64.Build.0 = Release|x64
		{DBA0A58C-8DD0-3E72-A915-ED44D53D4790}.Debug|x64.ActiveCfg = Debug|x64
		{DBA0A58C-8DD0-3E72-A915-ED44D53D4790}.Debug|x64.Build.0 = Debug|x64
		{DBA0A58C-8DD0-3E72-A915-ED44D53D4790}.Release|x64.ActiveCfg = Release|x64
		{DBA0A58C-8DD0-3E72-A915-ED44D53D4790}.Release|x64.Build.0 = Release|x64
		{C9CBB8AA-E7E5-3EEA-843B-2C43043BE4FC}.Debug|x64.ActiveCfg = Debug|x64
		{C9CBB8AA-E7E5-3EEA-843B-2C43043BE4FC}.Debug|x64.Build.0 = Debug|x64
		{C9CBB8AA-E7E5-3EEA-843B-2C43043BE4FC}.Release|x64.ActiveCfg = Release|x64
		{C9CBB8AA-E7E5-3EEA-843B-2C43043BE4FC}.Release|x64.Build.0 = Release|x64
		{45EE8D23-12B5-3CC6-B25D-1FE01D03D604}.Debug|x64.ActiveCfg = Debug|x64
		{45EE8D23-12B5-3CC6-B25D-1FE01D03D604}.Debug|x64.Build.0 = Debug|x64
		{45EE8D23-12B5-3CC6-B25D-1FE01D03D604}.Release|x64.ActiveCfg = Release|x64
		{45EE8D23-12B5-3CC6-B25D-1FE01D03D604}.Release|x64.Build.0 = Release|x64
		{4307B05D-83A0-39B6-9C92-3BD5E9E43CDB}.Debug|x64.ActiveCfg = Debug|x64
		{4307B05D-83A0-39B6-9C92-3BD5E9E43CDB}.Debug|x64.Build.0 = Debug|x64
		{4307B05D-83A0-39B6-9C92-3BD5E9E43CDB}.Release|x64.ActiveCfg = Release|x64
		{4307B05D-83A0-39B6-9C92-3BD5E9E43CDB}.Release|x64.Build.0 = Release|x64
		{FFACE9E1-F546-37DF-B612-B6B0050AA523}.Debug|x64.ActiveCfg = Debug|x64
		{FFACE9E1-F546-37DF-B612-B6B0050AA523}.Debug|x64.Build.0 = Debug|x64
		{FFACE9E1-F546-37DF-B612-B6B0050AA523}.Release|x64.ActiveCfg = Release|x64
		{FFACE9E1-F546-37DF-B612-B6B0050AA523}.Release|x64.Build.0 = Release|x64
	EndGlobalSection
	GlobalSection(SolutionProperties) = preSolution
		HideSolutionNode = FALSE
	EndGlobalSection
	GlobalSection(NestedProjects) = preSolution
		{5B4163C2-A08E-41D9-BCCF-D61EA89AA6CC} = {FB090938-8D94-44DC-9B0B-57850200D387}
		{A9093814-DCCF-494B-930B-94A4E6FC5131} = {FB090938-8D94-44DC-9B0B-57850200D387}
		{3D9CA86C-069B-49AC-838B-470D847ADCBC} = {9657BF7F-1135-439E-9AE4-8236FA01B96C}
		{F5C88A11-F5F8-4225-A0F9-3F65481A9F7E} = {5B4163C2-A08E-41D9-BCCF-D61EA89AA6CC}
		{05ADB141-ED50-4C8A-9E2D-5E100858595D} = {5B4163C2-A08E-41D9-BCCF-D61EA89AA6CC}
		{63865894-4E6C-409D-AC21-2827486E8FF5} = {5B4163C2-A08E-41D9-BCCF-D61EA89AA6CC}
		{91866A78-ABCA-468A-B1BA-AA12863FAF51} = {5B4163C2-A08E-41D9-BCCF-D61EA89AA6CC}
		{00B93825-A5EE-43E2-978E-CD8DF366EBE1} = {5B4163C2-A08E-41D9-BCCF-D61EA89AA6CC}
		{C640021B-7115-485F-AE47-6839C38EE547} = {5B4163C2-A08E-41D9-BCCF-D61EA89AA6CC}
		{513B47E9-158B-3162-B8F0-A9AD06E9D720} = {C640021B-7115-485F-AE47-6839C38EE547}
		{9657BF7F-1135-439E-9AE4-8236FA01B96C} = {77A1FE55-2A27-459A-A735-6B8579C446BB}
		{0EC447D7-D6C5-4AA8-A80B-E7C085AE0415} = {77A1FE55-2A27-459A-A735-6B8579C446BB}
		{05148F8F-FAE5-49CF-B6E9-2AEC9659E04E} = {0EC447D7-D6C5-4AA8-A80B-E7C085AE0415}
		{247BF82F-4E5E-336C-A13D-9FEC9004DD48} = {F5C88A11-F5F8-4225-A0F9-3F65481A9F7E}
		{6E115599-DC06-35FB-926E-3B9403F9A806} = {00B93825-A5EE-43E2-978E-CD8DF366EBE1}
		{BF6830ED-CA95-36EC-80C1-45541AB8F844} = {05ADB141-ED50-4C8A-9E2D-5E100858595D}
		{98EBF6A5-E40C-37BB-9692-A3D006F2800A} = {05ADB141-ED50-4C8A-9E2D-5E100858595D}
		{71A625B8-5A30-3077-B08D-BAD904B07C71} = {63865894-4E6C-409D-AC21-2827486E8FF5}
		{3A93DC69-8854-3634-81B2-E284AABEC37A} = {91866A78-ABCA-468A-B1BA-AA12863FAF51}
		{E5C5D6D3-4998-3422-8BDB-EF621728F17E} = {91866A78-ABCA-468A-B1BA-AA12863FAF51}
		{75271F33-C21A-371E-9E48-00E5890C51AF} = {FB090938-8D94-44DC-9B0B-57850200D387}
		{98621981-B60C-3D85-88D9-59C8534CD88E} = {5B4163C2-A08E-41D9-BCCF-D61EA89AA6CC}
		{5F076B88-C209-4FD8-BB8F-39C478F426EB} = {FB090938-8D94-44DC-9B0B-57850200D387}
		{37530B62-5E4A-30EE-B1FE-C75917B5F21E} = {5F076B88-C209-4FD8-BB8F-39C478F426EB}
		{CD0BD3E0-F682-382F-9675-4E3F7CFC9298} = {3D9CA86C-069B-49AC-838B-470D847ADCBC}
		{DFA5375B-ACCB-3913-9D3A-854BE8DE9EC1} = {3D9CA86C-069B-49AC-838B-470D847ADCBC}
		{C1AB2937-C480-369A-B9B0-040258921606} = {3D9CA86C-069B-49AC-838B-470D847ADCBC}
		{DBA0A58C-8DD0-3E72-A915-ED44D53D4790} = {3D9CA86C-069B-49AC-838B-470D847ADCBC}
		{C9CBB8AA-E7E5-3EEA-843B-2C43043BE4FC} = {3D9CA86C-069B-49AC-838B-470D847ADCBC}
		{45EE8D23-12B5-3CC6-B25D-1FE01D03D604} = {A9093814-DCCF-494B-930B-94A4E6FC5131}
		{4307B05D-83A0-39B6-9C92-3BD5E9E43CDB} = {A9093814-DCCF-494B-930B-94A4E6FC5131}
		{FFACE9E1-F546-37DF-B612-B6B0050AA523} = {A9093814-DCCF-494B-930B-94A4E6FC5131}
	EndGlobalSection
	GlobalSection(ExtensibilityGlobals) = postSolution
		SolutionGuid = {B07830BB-B487-3419-828F-FF8559CC9A79}
	EndGlobalSection
EndGlobal
